
Microsoft Visual Studio Solution File, Format Version 12.00
# Visual Studio Version 16
VisualStudioVersion = 16.0.30517.126
MinimumVisualStudioVersion = 10.0.40219.1
Project("{FAE04EC0-301F-11D3-BF4B-00C04F79EFBC}") = "API", "API\API.csproj", "{00AF98A9-9F14-4AA1-B652-D797AA1B1050}"
EndProject
Project("{FAE04EC0-301F-11D3-BF4B-00C04F79EFBC}") = "Core", "Core\Core.csproj", "{B7BE4B7C-CBDC-4CE6-AE7B-2F214BF52321}"
EndProject
Project("{FAE04EC0-301F-11D3-BF4B-00C04F79EFBC}") = "Infrasturcture", "Infrasturcture\Infrasturcture.csproj", "{5373BD50-38BC-4812-82BD-F1B63126004E}"
EndProject
Project("{FAE04EC0-301F-11D3-BF4B-00C04F79EFBC}") = "DependecnyInjection", "DependecnyInjection\DependecnyInjection.csproj", "{301560E5-927F-44F7-90C3-2D2FC4442078}"
EndProject
Global
	GlobalSection(SolutionConfigurationPlatforms) = preSolution
		Debug|Any CPU = Debug|Any CPU
		Release|Any CPU = Release|Any CPU
	EndGlobalSection
	GlobalSection(ProjectConfigurationPlatforms) = postSolution
		{00AF98A9-9F14-4AA1-B652-D797AA1B1050}.Debug|Any CPU.ActiveCfg = Debug|Any CPU
		{00AF98A9-9F14-4AA1-B652-D797AA1B1050}.Debug|Any CPU.Build.0 = Debug|Any CPU
		{00AF98A9-9F14-4AA1-B652-D797AA1B1050}.Release|Any CPU.ActiveCfg = Release|Any CPU
		{00AF98A9-9F14-4AA1-B652-D797AA1B1050}.Release|Any CPU.Build.0 = Release|Any CPU
		{B7BE4B7C-CBDC-4CE6-AE7B-2F214BF52321}.Debug|Any CPU.ActiveCfg = Debug|Any CPU
		{B7BE4B7C-CBDC-4CE6-AE7B-2F214BF52321}.Debug|Any CPU.Build.0 = Debug|Any CPU
		{B7BE4B7C-CBDC-4CE6-AE7B-2F214BF52321}.Release|Any CPU.ActiveCfg = Release|Any CPU
		{B7BE4B7C-CBDC-4CE6-AE7B-2F214BF52321}.Release|Any CPU.Build.0 = Release|Any CPU
		{5373BD50-38BC-4812-82BD-F1B63126004E}.Debug|Any CPU.ActiveCfg = Debug|Any CPU
		{5373BD50-38BC-4812-82BD-F1B63126004E}.Debug|Any CPU.Build.0 = Debug|Any CPU
		{5373BD50-38BC-4812-82BD-F1B63126004E}.Release|Any CPU.ActiveCfg = Release|Any CPU
		{5373BD50-38BC-4812-82BD-F1B63126004E}.Release|Any CPU.Build.0 = Release|Any CPU
		{301560E5-927F-44F7-90C3-2D2FC4442078}.Debug|Any CPU.ActiveCfg = Debug|Any CPU
		{301560E5-927F-44F7-90C3-2D2FC4442078}.Debug|Any CPU.Build.0 = Debug|Any CPU
		{301560E5-927F-44F7-90C3-2D2FC4442078}.Release|Any CPU.ActiveCfg = Release|Any CPU
		{301560E5-927F-44F7-90C3-2D2FC4442078}.Release|Any CPU.Build.0 = Release|Any CPU
	EndGlobalSection
	GlobalSection(SolutionProperties) = preSolution
		HideSolutionNode = FALSE
	EndGlobalSection
	GlobalSection(ExtensibilityGlobals) = postSolution
		SolutionGuid = {D186C8DA-5175-46FA-A359-7C55A7110DBD}
	EndGlobalSection
EndGlobal
